
Microsoft Visual Studio Solution File, Format Version 12.00
# Visual Studio 2012
VisualStudioVersion = 12.0.30723.0
MinimumVisualStudioVersion = 10.0.40219.1
Project("{FAE04EC0-301F-11D3-BF4B-00C04F79EFBC}") = "EncircledWindowsDX", "EncircledWindowsDX\EncircledWindowsDX.csproj", "{C2AA92EF-1C66-4100-B17B-613EA7CB7BCC}"
EndProject
Project("{D954291E-2A0B-460D-934E-DC6B0785DB48}") = "EncircledShared", "EncircledShared\EncircledShared.shproj", "{8B8CA0ED-24BC-4569-916F-F643E5966BCF}"
EndProject
Project("{FAE04EC0-301F-11D3-BF4B-00C04F79EFBC}") = "EncircledICSAndroid", "EncircledICSAndroid\EncircledICSAndroid.csproj", "{79157D1A-09B7-43EF-9D64-4EC632C90289}"
EndProject
Global
	GlobalSection(SolutionConfigurationPlatforms) = preSolution
		Debug|Any CPU = Debug|Any CPU
		Debug|ARM = Debug|ARM
		Debug|x64 = Debug|x64
		Debug|x86 = Debug|x86
		Release|Any CPU = Release|Any CPU
		Release|ARM = Release|ARM
		Release|x64 = Release|x64
		Release|x86 = Release|x86
	EndGlobalSection
	GlobalSection(ProjectConfigurationPlatforms) = postSolution
		{79157D1A-09B7-43EF-9D64-4EC632C90289}.Debug|Any CPU.ActiveCfg = Debug|Any CPU
		{79157D1A-09B7-43EF-9D64-4EC632C90289}.Debug|Any CPU.Build.0 = Debug|Any CPU
		{79157D1A-09B7-43EF-9D64-4EC632C90289}.Debug|ARM.ActiveCfg = Debug|Any CPU
		{79157D1A-09B7-43EF-9D64-4EC632C90289}.Debug|ARM.Build.0 = Debug|Any CPU
		{79157D1A-09B7-43EF-9D64-4EC632C90289}.Debug|x64.ActiveCfg = Debug|Any CPU
		{79157D1A-09B7-43EF-9D64-4EC632C90289}.Debug|x64.Build.0 = Debug|Any CPU
		{79157D1A-09B7-43EF-9D64-4EC632C90289}.Debug|x86.ActiveCfg = Debug|Any CPU
		{79157D1A-09B7-43EF-9D64-4EC632C90289}.Debug|x86.Build.0 = Debug|Any CPU
		{79157D1A-09B7-43EF-9D64-4EC632C90289}.Release|Any CPU.ActiveCfg = Release|Any CPU
		{79157D1A-09B7-43EF-9D64-4EC632C90289}.Release|Any CPU.Build.0 = Release|Any CPU
		{79157D1A-09B7-43EF-9D64-4EC632C90289}.Release|ARM.ActiveCfg = Release|Any CPU
		{79157D1A-09B7-43EF-9D64-4EC632C90289}.Release|ARM.Build.0 = Release|Any CPU
		{79157D1A-09B7-43EF-9D64-4EC632C90289}.Release|x64.ActiveCfg = Release|Any CPU
		{79157D1A-09B7-43EF-9D64-4EC632C90289}.Release|x64.Build.0 = Release|Any CPU
		{79157D1A-09B7-43EF-9D64-4EC632C90289}.Release|x86.ActiveCfg = Release|Any CPU
		{79157D1A-09B7-43EF-9D64-4EC632C90289}.Release|x86.Build.0 = Release|Any CPU
		{C2AA92EF-1C66-4100-B17B-613EA7CB7BCC}.Debug|Any CPU.ActiveCfg = Debug|x86
		{C2AA92EF-1C66-4100-B17B-613EA7CB7BCC}.Debug|Any CPU.Build.0 = Debug|x86
		{C2AA92EF-1C66-4100-B17B-613EA7CB7BCC}.Debug|ARM.ActiveCfg = Debug|x86
		{C2AA92EF-1C66-4100-B17B-613EA7CB7BCC}.Debug|ARM.Build.0 = Debug|x86
		{C2AA92EF-1C66-4100-B17B-613EA7CB7BCC}.Debug|x64.ActiveCfg = Debug|x86
		{C2AA92EF-1C66-4100-B17B-613EA7CB7BCC}.Debug|x64.Build.0 = Debug|x86
		{C2AA92EF-1C66-4100-B17B-613EA7CB7BCC}.Debug|x86.ActiveCfg = Debug|x86
		{C2AA92EF-1C66-4100-B17B-613EA7CB7BCC}.Debug|x86.Build.0 = Debug|x86
		{C2AA92EF-1C66-4100-B17B-613EA7CB7BCC}.Release|Any CPU.ActiveCfg = Debug|x86
		{C2AA92EF-1C66-4100-B17B-613EA7CB7BCC}.Release|Any CPU.Build.0 = Debug|x86
		{C2AA92EF-1C66-4100-B17B-613EA7CB7BCC}.Release|ARM.ActiveCfg = Debug|x86
		{C2AA92EF-1C66-4100-B17B-613EA7CB7BCC}.Release|ARM.Build.0 = Debug|x86
		{C2AA92EF-1C66-4100-B17B-613EA7CB7BCC}.Release|x64.ActiveCfg = Debug|x86
		{C2AA92EF-1C66-4100-B17B-613EA7CB7BCC}.Release|x64.Build.0 = Debug|x86
		{C2AA92EF-1C66-4100-B17B-613EA7CB7BCC}.Release|x86.ActiveCfg = Release|x86
		{C2AA92EF-1C66-4100-B17B-613EA7CB7BCC}.Release|x86.Build.0 = Release|x86
	EndGlobalSection
	GlobalSection(MonoDevelopProperties) = preSolution
		StartupItems = $0
		$0.Item = EncircledWindowsDX\EncircledWindowsDX.csproj
		$0.Item = EncircledICSAndroid\EncircledICSAndroid.csproj
	EndGlobalSection
	GlobalSection(SolutionProperties) = preSolution
		HideSolutionNode = FALSE
	EndGlobalSection
EndGlobal
